
Microsoft Visual Studio Solution File, Format Version 11.00
# Visual Studio 2010
Project("{FAE04EC0-301F-11D3-BF4B-00C04F79EFBC}") = "Test_WPF", "Test_WPF\Test_WPF.csproj", "{4B3A3E75-A0AC-442E-949A-6DB5457C7C0C}"
EndProject
Project("{FAE04EC0-301F-11D3-BF4B-00C04F79EFBC}") = "Test_WPF_Connection2", "Test_WPF_Connection2\Test_WPF_Connection2.csproj", "{E7356AB3-D68B-4548-AEF4-95F1BDDA31FD}"
EndProject
Global
	GlobalSection(SolutionConfigurationPlatforms) = preSolution
		Debug|x86 = Debug|x86
		Release|x86 = Release|x86
	EndGlobalSection
	GlobalSection(ProjectConfigurationPlatforms) = postSolution
		{4B3A3E75-A0AC-442E-949A-6DB5457C7C0C}.Debug|x86.ActiveCfg = Debug|x86
		{4B3A3E75-A0AC-442E-949A-6DB5457C7C0C}.Debug|x86.Build.0 = Debug|x86
		{4B3A3E75-A0AC-442E-949A-6DB5457C7C0C}.Release|x86.ActiveCfg = Release|x86
		{4B3A3E75-A0AC-442E-949A-6DB5457C7C0C}.Release|x86.Build.0 = Release|x86
		{E7356AB3-D68B-4548-AEF4-95F1BDDA31FD}.Debug|x86.ActiveCfg = Debug|x86
		{E7356AB3-D68B-4548-AEF4-95F1BDDA31FD}.Debug|x86.Build.0 = Debug|x86
		{E7356AB3-D68B-4548-AEF4-95F1BDDA31FD}.Release|x86.ActiveCfg = Release|x86
		{E7356AB3-D68B-4548-AEF4-95F1BDDA31FD}.Release|x86.Build.0 = Release|x86
	EndGlobalSection
	GlobalSection(SolutionProperties) = preSolution
		HideSolutionNode = FALSE
	EndGlobalSection
EndGlobal
